
Microsoft Visual Studio Solution File, Format Version 12.00
# Visual Studio Version 17
VisualStudioVersion = 17.1.32414.318
MinimumVisualStudioVersion = 10.0.40219.1
Project("{8BC9CEB8-8B4A-11D0-8D11-00A0C91BC942}") = "FunnyCode", "FunnyCode\FunnyCode.vcxproj", "{A57F096A-9758-41F1-ADEE-8271F9672FC4}"
EndProject
Global
	GlobalSection(SolutionConfigurationPlatforms) = preSolution
		Debug|x64 = Debug|x64
		Debug|x86 = Debug|x86
		Release|x64 = Release|x64
		Release|x86 = Release|x86
	EndGlobalSection
	GlobalSection(ProjectConfigurationPlatforms) = postSolution
		{A57F096A-9758-41F1-ADEE-8271F9672FC4}.Debug|x64.ActiveCfg = Debug|x64
		{A57F096A-9758-41F1-ADEE-8271F9672FC4}.Debug|x64.Build.0 = Debug|x64
		{A57F096A-9758-41F1-ADEE-8271F9672FC4}.Debug|x86.ActiveCfg = Debug|Win32
		{A57F096A-9758-41F1-ADEE-8271F9672FC4}.Debug|x86.Build.0 = Debug|Win32
		{A57F096A-9758-41F1-ADEE-8271F9672FC4}.Release|x64.ActiveCfg = Release|x64
		{A57F096A-9758-41F1-ADEE-8271F9672FC4}.Release|x64.Build.0 = Release|x64
		{A57F096A-9758-41F1-ADEE-8271F9672FC4}.Release|x86.ActiveCfg = Release|Win32
		{A57F096A-9758-41F1-ADEE-8271F9672FC4}.Release|x86.Build.0 = Release|Win32
	EndGlobalSection
	GlobalSection(SolutionProperties) = preSolution
		HideSolutionNode = FALSE
	EndGlobalSection
	GlobalSection(ExtensibilityGlobals) = postSolution
		SolutionGuid = {3776C92E-D00E-42A8-A23D-3522C1DC4D17}
	EndGlobalSection
EndGlobal
